
Microsoft Visual Studio Solution File, Format Version 12.00
# Visual Studio 15
VisualStudioVersion = 15.0.26228.9
MinimumVisualStudioVersion = 10.0.40219.1
Project("{2150E333-8FDC-42A3-9474-1A3956D46DE8}") = "tests", "tests", "{9A037506-C469-4740-8CDA-E1026BFDAE77}"
EndProject
Project("{FAE04EC0-301F-11D3-BF4B-00C04F79EFBC}") = "TDDKata2", "tests\TDDKata2\TDDKata2.csproj", "{A12891A5-6C1A-46AB-8AF2-5F49D7DCE8A5}"
EndProject
Global
	GlobalSection(SolutionConfigurationPlatforms) = preSolution
		Debug|Any CPU = Debug|Any CPU
		Release|Any CPU = Release|Any CPU
	EndGlobalSection
	GlobalSection(ProjectConfigurationPlatforms) = postSolution
		{A12891A5-6C1A-46AB-8AF2-5F49D7DCE8A5}.Debug|Any CPU.ActiveCfg = Debug|Any CPU
		{A12891A5-6C1A-46AB-8AF2-5F49D7DCE8A5}.Debug|Any CPU.Build.0 = Debug|Any CPU
		{A12891A5-6C1A-46AB-8AF2-5F49D7DCE8A5}.Release|Any CPU.ActiveCfg = Release|Any CPU
		{A12891A5-6C1A-46AB-8AF2-5F49D7DCE8A5}.Release|Any CPU.Build.0 = Release|Any CPU
	EndGlobalSection
	GlobalSection(SolutionProperties) = preSolution
		HideSolutionNode = FALSE
	EndGlobalSection
	GlobalSection(NestedProjects) = preSolution
		{A12891A5-6C1A-46AB-8AF2-5F49D7DCE8A5} = {9A037506-C469-4740-8CDA-E1026BFDAE77}
	EndGlobalSection
EndGlobal
